{
  "lockfile_version": "1",
  "packages": {
    "github:NixOS/nixpkgs/nixpkgs-unstable": {
      "last_modified": "2025-11-03T07:53:02Z",
      "resolved": "github:NixOS/nixpkgs/7241bcbb4f099a66aafca120d37c65e8dda32717?lastModified=1762156382&narHash=sha256-Yg7Ag7ov5%2B36jEFC1DaZh%2F12SEXo6OO3%2F8rqADRxiqs%3D"
    },
    "go@1.24": {
      "last_modified": "2025-10-22T20:59:19Z",
      "resolved": "github:NixOS/nixpkgs/01b6809f7f9d1183a2b3e081f0a1e6f8f415cb09#go_1_24",
      "source": "devbox-search",
      "version": "1.24.9",
      "systems": {
        "aarch64-darwin": {
          "outputs": [
            {
              "name": "out",
              "path": "/nix/store/pr83332dy58rwlpnd3xl216p1vwbr05r-go-1.24.9",
              "default": true
            }
          ],
          "store_path": "/nix/store/pr83332dy58rwlpnd3xl216p1vwbr05r-go-1.24.9"
        },
        "aarch64-linux": {
          "outputs": [
            {
              "name": "out",
              "path": "/nix/store/wc2l1rs6vyzx8fg6slhh9asspqj1gk25-go-1.24.9",
              "default": true
            }
          ],
          "store_path": "/nix/store/wc2l1rs6vyzx8fg6slhh9asspqj1gk25-go-1.24.9"
        },
        "x86_64-darwin": {
          "outputs": [
            {
              "name": "out",
              "path": "/nix/store/0bd096mqik03gkqnhyg1sg0mnssf1fgs-go-1.24.9",
              "default": true
            }
          ],
          "store_path": "/nix/store/0bd096mqik03gkqnhyg1sg0mnssf1fgs-go-1.24.9"
        },
        "x86_64-linux": {
          "outputs": [
            {
              "name": "out",
              "path": "/nix/store/g42fdq6prgyw1cmssfhj107j3vip5m6p-go-1.24.9",
              "default": true
            }
          ],
          "store_path": "/nix/store/g42fdq6prgyw1cmssfhj107j3vip5m6p-go-1.24.9"
        }
      }
    }
  }
}
